
Microsoft Visual Studio Solution File, Format Version 12.00
# Visual Studio Version 17
VisualStudioVersion = 17.12.35527.113
MinimumVisualStudioVersion = 10.0.40219.1
Project("{FAE04EC0-301F-11D3-BF4B-00C04F79EFBC}") = "FastWork", "FastWork\FastWork.csproj", "{C3C3EA8B-16A7-4A59-9C80-99F41691E69E}"
EndProject
Project("{FAE04EC0-301F-11D3-BF4B-00C04F79EFBC}") = "Repo", "Repo\Repo.csproj", "{20EF1E24-262E-400B-BDC8-ED8EDDE2FB67}"
EndProject
Project("{FAE04EC0-301F-11D3-BF4B-00C04F79EFBC}") = "Service", "Service\Service.csproj", "{EEFE8AD5-33B9-4FF0-A2A1-4EEF22B5C7E4}"
EndProject
Global
	GlobalSection(SolutionConfigurationPlatforms) = preSolution
		Debug|Any CPU = Debug|Any CPU
		Release|Any CPU = Release|Any CPU
	EndGlobalSection
	GlobalSection(ProjectConfigurationPlatforms) = postSolution
		{C3C3EA8B-16A7-4A59-9C80-99F41691E69E}.Debug|Any CPU.ActiveCfg = Debug|Any CPU
		{C3C3EA8B-16A7-4A59-9C80-99F41691E69E}.Debug|Any CPU.Build.0 = Debug|Any CPU
		{C3C3EA8B-16A7-4A59-9C80-99F41691E69E}.Release|Any CPU.ActiveCfg = Release|Any CPU
		{C3C3EA8B-16A7-4A59-9C80-99F41691E69E}.Release|Any CPU.Build.0 = Release|Any CPU
		{20EF1E24-262E-400B-BDC8-ED8EDDE2FB67}.Debug|Any CPU.ActiveCfg = Debug|Any CPU
		{20EF1E24-262E-400B-BDC8-ED8EDDE2FB67}.Debug|Any CPU.Build.0 = Debug|Any CPU
		{20EF1E24-262E-400B-BDC8-ED8EDDE2FB67}.Release|Any CPU.ActiveCfg = Release|Any CPU
		{20EF1E24-262E-400B-BDC8-ED8EDDE2FB67}.Release|Any CPU.Build.0 = Release|Any CPU
		{EEFE8AD5-33B9-4FF0-A2A1-4EEF22B5C7E4}.Debug|Any CPU.ActiveCfg = Debug|Any CPU
		{EEFE8AD5-33B9-4FF0-A2A1-4EEF22B5C7E4}.Debug|Any CPU.Build.0 = Debug|Any CPU
		{EEFE8AD5-33B9-4FF0-A2A1-4EEF22B5C7E4}.Release|Any CPU.ActiveCfg = Release|Any CPU
		{EEFE8AD5-33B9-4FF0-A2A1-4EEF22B5C7E4}.Release|Any CPU.Build.0 = Release|Any CPU
	EndGlobalSection
	GlobalSection(SolutionProperties) = preSolution
		HideSolutionNode = FALSE
	EndGlobalSection
EndGlobal
